
Microsoft Visual Studio Solution File, Format Version 12.00
# Visual Studio 15
VisualStudioVersion = 15.0.27703.2035
MinimumVisualStudioVersion = 10.0.40219.1
Project("{2150E333-8FDC-42A3-9474-1A3956D46DE8}") = "20180806Spirograph", "20180806Spirograph", "{07143015-1933-4390-90EC-86F5CA638878}"
EndProject
Project("{FAE04EC0-301F-11D3-BF4B-00C04F79EFBC}") = "20180806Spirograph", "20180806Spirograph\20180806Spirograph.csproj", "{9CDA14DE-0DC1-403F-AF9A-CD0CDCFA0A55}"
EndProject
Project("{FAE04EC0-301F-11D3-BF4B-00C04F79EFBC}") = "20180806SpirographLib", "20180806SpirographLib\20180806SpirographLib.csproj", "{F3FA5AE8-20A1-42C6-A482-1D5C8EA4800A}"
EndProject
Project("{FAE04EC0-301F-11D3-BF4B-00C04F79EFBC}") = "20180806SpirographTests", "20180806SpirographTests\20180806SpirographTests.csproj", "{F3B0BAF4-8F0B-4D04-B753-B9065060EC7B}"
EndProject
Project("{FAE04EC0-301F-11D3-BF4B-00C04F79EFBC}") = "20180806Mastermind", "20180806Mastermind\20180806Mastermind.csproj", "{CD12E3CC-29CB-4423-9D68-CFFEE3DD9D1A}"
EndProject
Project("{FAE04EC0-301F-11D3-BF4B-00C04F79EFBC}") = "20180808Mastermind", "20180808Mastermind\20180808Mastermind.csproj", "{6AB3E281-BD93-42A2-877E-9E8BAFE6ECD7}"
EndProject
Project("{FAE04EC0-301F-11D3-BF4B-00C04F79EFBC}") = "20180808PrimeFactors", "20180808PrimeFactors\20180808PrimeFactors.csproj", "{EF0091CA-3BB1-438B-8CCB-570E34CCB29E}"
EndProject
Project("{FAE04EC0-301F-11D3-BF4B-00C04F79EFBC}") = "20180809Supermarket", "20180809Supermarket\20180809Supermarket.csproj", "{6B364097-C6C4-4398-9C73-F96601672731}"
EndProject
Project("{FAE04EC0-301F-11D3-BF4B-00C04F79EFBC}") = "20180810UwpShapeAndPath", "20180810UwpShapeDrawingVisual\20180810UwpShapeAndPath.csproj", "{02555995-6C29-4A96-ACF6-769DE508D1E0}"
EndProject
Project("{FAE04EC0-301F-11D3-BF4B-00C04F79EFBC}") = "20180813Linq", "20180813Linq\20180813Linq.csproj", "{A6AF10A7-2893-4179-9856-7BA6666DAB37}"
EndProject
Project("{FAE04EC0-301F-11D3-BF4B-00C04F79EFBC}") = "20180815UwpAppDatabinding", "20180815UwpAppDatabinding\20180815UwpAppDatabinding.csproj", "{546F58E4-D911-475A-A5E8-2F47FC68C471}"
EndProject
Project("{FAE04EC0-301F-11D3-BF4B-00C04F79EFBC}") = "20180824BankOcr", "20180824BankOcr\20180824BankOcr.csproj", "{00BBAFED-2C28-4BF5-843B-082354EEF6CE}"
EndProject
Project("{FAE04EC0-301F-11D3-BF4B-00C04F79EFBC}") = "20180829Mastermind", "20180829Mastermind\20180829Mastermind.csproj", "{414C279D-B5B6-4A76-AAB0-D7C90980E20C}"
EndProject
Project("{FAE04EC0-301F-11D3-BF4B-00C04F79EFBC}") = "20180829RomanNumbers", "20180829RomanNumbers\20180829RomanNumbers.csproj", "{A219D64B-5617-4B8D-85DF-D48259DF965E}"
EndProject
Project("{FAE04EC0-301F-11D3-BF4B-00C04F79EFBC}") = "20180830PrimeFactors", "20180830PrimeFactors\20180830PrimeFactors.csproj", "{7B615C6D-E6FA-4107-801F-68358453B627}"
EndProject
Project("{FAE04EC0-301F-11D3-BF4B-00C04F79EFBC}") = "20180831PokerHands", "20180831PokerHands\20180831PokerHands.csproj", "{93CAF430-A012-4B98-BEBD-4615278251C3}"
EndProject
Project("{FAE04EC0-301F-11D3-BF4B-00C04F79EFBC}") = "20180905MoqGyakorlas", "20180905MoqGyakorlas\20180905MoqGyakorlas.csproj", "{091733CC-BD49-47F5-AF9D-89ED7D60D533}"
EndProject
Project("{FAE04EC0-301F-11D3-BF4B-00C04F79EFBC}") = "20180905PeerReviewBingo", "20180905PeerReviewBingo\20180905PeerReviewBingo.csproj", "{DCF4E8C3-820C-4D26-937C-9A4486649F08}"
EndProject
Global
	GlobalSection(SolutionConfigurationPlatforms) = preSolution
		Debug|Any CPU = Debug|Any CPU
		Debug|ARM = Debug|ARM
		Debug|x64 = Debug|x64
		Debug|x86 = Debug|x86
		Release|Any CPU = Release|Any CPU
		Release|ARM = Release|ARM
		Release|x64 = Release|x64
		Release|x86 = Release|x86
	EndGlobalSection
	GlobalSection(ProjectConfigurationPlatforms) = postSolution
		{9CDA14DE-0DC1-403F-AF9A-CD0CDCFA0A55}.Debug|Any CPU.ActiveCfg = Debug|Any CPU
		{9CDA14DE-0DC1-403F-AF9A-CD0CDCFA0A55}.Debug|Any CPU.Build.0 = Debug|Any CPU
		{9CDA14DE-0DC1-403F-AF9A-CD0CDCFA0A55}.Debug|ARM.ActiveCfg = Debug|Any CPU
		{9CDA14DE-0DC1-403F-AF9A-CD0CDCFA0A55}.Debug|x64.ActiveCfg = Debug|Any CPU
		{9CDA14DE-0DC1-403F-AF9A-CD0CDCFA0A55}.Debug|x86.ActiveCfg = Debug|Any CPU
		{9CDA14DE-0DC1-403F-AF9A-CD0CDCFA0A55}.Release|Any CPU.ActiveCfg = Release|Any CPU
		{9CDA14DE-0DC1-403F-AF9A-CD0CDCFA0A55}.Release|Any CPU.Build.0 = Release|Any CPU
		{9CDA14DE-0DC1-403F-AF9A-CD0CDCFA0A55}.Release|ARM.ActiveCfg = Release|Any CPU
		{9CDA14DE-0DC1-403F-AF9A-CD0CDCFA0A55}.Release|x64.ActiveCfg = Release|Any CPU
		{9CDA14DE-0DC1-403F-AF9A-CD0CDCFA0A55}.Release|x86.ActiveCfg = Release|Any CPU
		{F3FA5AE8-20A1-42C6-A482-1D5C8EA4800A}.Debug|Any CPU.ActiveCfg = Debug|Any CPU
		{F3FA5AE8-20A1-42C6-A482-1D5C8EA4800A}.Debug|Any CPU.Build.0 = Debug|Any CPU
		{F3FA5AE8-20A1-42C6-A482-1D5C8EA4800A}.Debug|ARM.ActiveCfg = Debug|Any CPU
		{F3FA5AE8-20A1-42C6-A482-1D5C8EA4800A}.Debug|x64.ActiveCfg = Debug|Any CPU
		{F3FA5AE8-20A1-42C6-A482-1D5C8EA4800A}.Debug|x86.ActiveCfg = Debug|Any CPU
		{F3FA5AE8-20A1-42C6-A482-1D5C8EA4800A}.Release|Any CPU.ActiveCfg = Release|Any CPU
		{F3FA5AE8-20A1-42C6-A482-1D5C8EA4800A}.Release|Any CPU.Build.0 = Release|Any CPU
		{F3FA5AE8-20A1-42C6-A482-1D5C8EA4800A}.Release|ARM.ActiveCfg = Release|Any CPU
		{F3FA5AE8-20A1-42C6-A482-1D5C8EA4800A}.Release|x64.ActiveCfg = Release|Any CPU
		{F3FA5AE8-20A1-42C6-A482-1D5C8EA4800A}.Release|x86.ActiveCfg = Release|Any CPU
		{F3B0BAF4-8F0B-4D04-B753-B9065060EC7B}.Debug|Any CPU.ActiveCfg = Debug|Any CPU
		{F3B0BAF4-8F0B-4D04-B753-B9065060EC7B}.Debug|Any CPU.Build.0 = Debug|Any CPU
		{F3B0BAF4-8F0B-4D04-B753-B9065060EC7B}.Debug|ARM.ActiveCfg = Debug|Any CPU
		{F3B0BAF4-8F0B-4D04-B753-B9065060EC7B}.Debug|x64.ActiveCfg = Debug|Any CPU
		{F3B0BAF4-8F0B-4D04-B753-B9065060EC7B}.Debug|x86.ActiveCfg = Debug|Any CPU
		{F3B0BAF4-8F0B-4D04-B753-B9065060EC7B}.Release|Any CPU.ActiveCfg = Release|Any CPU
		{F3B0BAF4-8F0B-4D04-B753-B9065060EC7B}.Release|Any CPU.Build.0 = Release|Any CPU
		{F3B0BAF4-8F0B-4D04-B753-B9065060EC7B}.Release|ARM.ActiveCfg = Release|Any CPU
		{F3B0BAF4-8F0B-4D04-B753-B9065060EC7B}.Release|x64.ActiveCfg = Release|Any CPU
		{F3B0BAF4-8F0B-4D04-B753-B9065060EC7B}.Release|x86.ActiveCfg = Release|Any CPU
		{CD12E3CC-29CB-4423-9D68-CFFEE3DD9D1A}.Debug|Any CPU.ActiveCfg = Debug|Any CPU
		{CD12E3CC-29CB-4423-9D68-CFFEE3DD9D1A}.Debug|Any CPU.Build.0 = Debug|Any CPU
		{CD12E3CC-29CB-4423-9D68-CFFEE3DD9D1A}.Debug|ARM.ActiveCfg = Debug|Any CPU
		{CD12E3CC-29CB-4423-9D68-CFFEE3DD9D1A}.Debug|x64.ActiveCfg = Debug|Any CPU
		{CD12E3CC-29CB-4423-9D68-CFFEE3DD9D1A}.Debug|x86.ActiveCfg = Debug|Any CPU
		{CD12E3CC-29CB-4423-9D68-CFFEE3DD9D1A}.Release|Any CPU.ActiveCfg = Release|Any CPU
		{CD12E3CC-29CB-4423-9D68-CFFEE3DD9D1A}.Release|Any CPU.Build.0 = Release|Any CPU
		{CD12E3CC-29CB-4423-9D68-CFFEE3DD9D1A}.Release|ARM.ActiveCfg = Release|Any CPU
		{CD12E3CC-29CB-4423-9D68-CFFEE3DD9D1A}.Release|x64.ActiveCfg = Release|Any CPU
		{CD12E3CC-29CB-4423-9D68-CFFEE3DD9D1A}.Release|x86.ActiveCfg = Release|Any CPU
		{6AB3E281-BD93-42A2-877E-9E8BAFE6ECD7}.Debug|Any CPU.ActiveCfg = Debug|Any CPU
		{6AB3E281-BD93-42A2-877E-9E8BAFE6ECD7}.Debug|Any CPU.Build.0 = Debug|Any CPU
		{6AB3E281-BD93-42A2-877E-9E8BAFE6ECD7}.Debug|ARM.ActiveCfg = Debug|Any CPU
		{6AB3E281-BD93-42A2-877E-9E8BAFE6ECD7}.Debug|x64.ActiveCfg = Debug|Any CPU
		{6AB3E281-BD93-42A2-877E-9E8BAFE6ECD7}.Debug|x86.ActiveCfg = Debug|Any CPU
		{6AB3E281-BD93-42A2-877E-9E8BAFE6ECD7}.Release|Any CPU.ActiveCfg = Release|Any CPU
		{6AB3E281-BD93-42A2-877E-9E8BAFE6ECD7}.Release|Any CPU.Build.0 = Release|Any CPU
		{6AB3E281-BD93-42A2-877E-9E8BAFE6ECD7}.Release|ARM.ActiveCfg = Release|Any CPU
		{6AB3E281-BD93-42A2-877E-9E8BAFE6ECD7}.Release|x64.ActiveCfg = Release|Any CPU
		{6AB3E281-BD93-42A2-877E-9E8BAFE6ECD7}.Release|x86.ActiveCfg = Release|Any CPU
		{EF0091CA-3BB1-438B-8CCB-570E34CCB29E}.Debug|Any CPU.ActiveCfg = Debug|Any CPU
		{EF0091CA-3BB1-438B-8CCB-570E34CCB29E}.Debug|Any CPU.Build.0 = Debug|Any CPU
		{EF0091CA-3BB1-438B-8CCB-570E34CCB29E}.Debug|ARM.ActiveCfg = Debug|Any CPU
		{EF0091CA-3BB1-438B-8CCB-570E34CCB29E}.Debug|x64.ActiveCfg = Debug|Any CPU
		{EF0091CA-3BB1-438B-8CCB-570E34CCB29E}.Debug|x86.ActiveCfg = Debug|Any CPU
		{EF0091CA-3BB1-438B-8CCB-570E34CCB29E}.Release|Any CPU.ActiveCfg = Release|Any CPU
		{EF0091CA-3BB1-438B-8CCB-570E34CCB29E}.Release|Any CPU.Build.0 = Release|Any CPU
		{EF0091CA-3BB1-438B-8CCB-570E34CCB29E}.Release|ARM.ActiveCfg = Release|Any CPU
		{EF0091CA-3BB1-438B-8CCB-570E34CCB29E}.Release|x64.ActiveCfg = Release|Any CPU
		{EF0091CA-3BB1-438B-8CCB-570E34CCB29E}.Release|x86.ActiveCfg = Release|Any CPU
		{6B364097-C6C4-4398-9C73-F96601672731}.Debug|Any CPU.ActiveCfg = Debug|Any CPU
		{6B364097-C6C4-4398-9C73-F96601672731}.Debug|Any CPU.Build.0 = Debug|Any CPU
		{6B364097-C6C4-4398-9C73-F96601672731}.Debug|ARM.ActiveCfg = Debug|Any CPU
		{6B364097-C6C4-4398-9C73-F96601672731}.Debug|x64.ActiveCfg = Debug|Any CPU
		{6B364097-C6C4-4398-9C73-F96601672731}.Debug|x86.ActiveCfg = Debug|Any CPU
		{6B364097-C6C4-4398-9C73-F96601672731}.Release|Any CPU.ActiveCfg = Release|Any CPU
		{6B364097-C6C4-4398-9C73-F96601672731}.Release|Any CPU.Build.0 = Release|Any CPU
		{6B364097-C6C4-4398-9C73-F96601672731}.Release|ARM.ActiveCfg = Release|Any CPU
		{6B364097-C6C4-4398-9C73-F96601672731}.Release|x64.ActiveCfg = Release|Any CPU
		{6B364097-C6C4-4398-9C73-F96601672731}.Release|x86.ActiveCfg = Release|Any CPU
		{02555995-6C29-4A96-ACF6-769DE508D1E0}.Debug|Any CPU.ActiveCfg = Debug|x86
		{02555995-6C29-4A96-ACF6-769DE508D1E0}.Debug|Any CPU.Build.0 = Debug|x86
		{02555995-6C29-4A96-ACF6-769DE508D1E0}.Debug|Any CPU.Deploy.0 = Debug|x86
		{02555995-6C29-4A96-ACF6-769DE508D1E0}.Debug|ARM.ActiveCfg = Debug|ARM
		{02555995-6C29-4A96-ACF6-769DE508D1E0}.Debug|ARM.Build.0 = Debug|ARM
		{02555995-6C29-4A96-ACF6-769DE508D1E0}.Debug|ARM.Deploy.0 = Debug|ARM
		{02555995-6C29-4A96-ACF6-769DE508D1E0}.Debug|x64.ActiveCfg = Debug|x64
		{02555995-6C29-4A96-ACF6-769DE508D1E0}.Debug|x64.Build.0 = Debug|x64
		{02555995-6C29-4A96-ACF6-769DE508D1E0}.Debug|x64.Deploy.0 = Debug|x64
		{02555995-6C29-4A96-ACF6-769DE508D1E0}.Debug|x86.ActiveCfg = Debug|x86
		{02555995-6C29-4A96-ACF6-769DE508D1E0}.Debug|x86.Build.0 = Debug|x86
		{02555995-6C29-4A96-ACF6-769DE508D1E0}.Debug|x86.Deploy.0 = Debug|x86
		{02555995-6C29-4A96-ACF6-769DE508D1E0}.Release|Any CPU.ActiveCfg = Release|x86
		{02555995-6C29-4A96-ACF6-769DE508D1E0}.Release|ARM.ActiveCfg = Release|ARM
		{02555995-6C29-4A96-ACF6-769DE508D1E0}.Release|ARM.Build.0 = Release|ARM
		{02555995-6C29-4A96-ACF6-769DE508D1E0}.Release|ARM.Deploy.0 = Release|ARM
		{02555995-6C29-4A96-ACF6-769DE508D1E0}.Release|x64.ActiveCfg = Release|x64
		{02555995-6C29-4A96-ACF6-769DE508D1E0}.Release|x64.Build.0 = Release|x64
		{02555995-6C29-4A96-ACF6-769DE508D1E0}.Release|x64.Deploy.0 = Release|x64
		{02555995-6C29-4A96-ACF6-769DE508D1E0}.Release|x86.ActiveCfg = Release|x86
		{02555995-6C29-4A96-ACF6-769DE508D1E0}.Release|x86.Build.0 = Release|x86
		{02555995-6C29-4A96-ACF6-769DE508D1E0}.Release|x86.Deploy.0 = Release|x86
		{A6AF10A7-2893-4179-9856-7BA6666DAB37}.Debug|Any CPU.ActiveCfg = Debug|Any CPU
		{A6AF10A7-2893-4179-9856-7BA6666DAB37}.Debug|Any CPU.Build.0 = Debug|Any CPU
		{A6AF10A7-2893-4179-9856-7BA6666DAB37}.Debug|ARM.ActiveCfg = Debug|Any CPU
		{A6AF10A7-2893-4179-9856-7BA6666DAB37}.Debug|ARM.Build.0 = Debug|Any CPU
		{A6AF10A7-2893-4179-9856-7BA6666DAB37}.Debug|x64.ActiveCfg = Debug|Any CPU
		{A6AF10A7-2893-4179-9856-7BA6666DAB37}.Debug|x64.Build.0 = Debug|Any CPU
		{A6AF10A7-2893-4179-9856-7BA6666DAB37}.Debug|x86.ActiveCfg = Debug|Any CPU
		{A6AF10A7-2893-4179-9856-7BA6666DAB37}.Debug|x86.Build.0 = Debug|Any CPU
		{A6AF10A7-2893-4179-9856-7BA6666DAB37}.Release|Any CPU.ActiveCfg = Release|Any CPU
		{A6AF10A7-2893-4179-9856-7BA6666DAB37}.Release|Any CPU.Build.0 = Release|Any CPU
		{A6AF10A7-2893-4179-9856-7BA6666DAB37}.Release|ARM.ActiveCfg = Release|Any CPU
		{A6AF10A7-2893-4179-9856-7BA6666DAB37}.Release|ARM.Build.0 = Release|Any CPU
		{A6AF10A7-2893-4179-9856-7BA6666DAB37}.Release|x64.ActiveCfg = Release|Any CPU
		{A6AF10A7-2893-4179-9856-7BA6666DAB37}.Release|x64.Build.0 = Release|Any CPU
		{A6AF10A7-2893-4179-9856-7BA6666DAB37}.Release|x86.ActiveCfg = Release|Any CPU
		{A6AF10A7-2893-4179-9856-7BA6666DAB37}.Release|x86.Build.0 = Release|Any CPU
		{546F58E4-D911-475A-A5E8-2F47FC68C471}.Debug|Any CPU.ActiveCfg = Debug|x86
		{546F58E4-D911-475A-A5E8-2F47FC68C471}.Debug|Any CPU.Build.0 = Debug|x86
		{546F58E4-D911-475A-A5E8-2F47FC68C471}.Debug|Any CPU.Deploy.0 = Debug|x86
		{546F58E4-D911-475A-A5E8-2F47FC68C471}.Debug|ARM.ActiveCfg = Debug|ARM
		{546F58E4-D911-475A-A5E8-2F47FC68C471}.Debug|ARM.Build.0 = Debug|ARM
		{546F58E4-D911-475A-A5E8-2F47FC68C471}.Debug|ARM.Deploy.0 = Debug|ARM
		{546F58E4-D911-475A-A5E8-2F47FC68C471}.Debug|x64.ActiveCfg = Debug|x64
		{546F58E4-D911-475A-A5E8-2F47FC68C471}.Debug|x64.Build.0 = Debug|x64
		{546F58E4-D911-475A-A5E8-2F47FC68C471}.Debug|x64.Deploy.0 = Debug|x64
		{546F58E4-D911-475A-A5E8-2F47FC68C471}.Debug|x86.ActiveCfg = Debug|x86
		{546F58E4-D911-475A-A5E8-2F47FC68C471}.Debug|x86.Build.0 = Debug|x86
		{546F58E4-D911-475A-A5E8-2F47FC68C471}.Debug|x86.Deploy.0 = Debug|x86
		{546F58E4-D911-475A-A5E8-2F47FC68C471}.Release|Any CPU.ActiveCfg = Release|x86
		{546F58E4-D911-475A-A5E8-2F47FC68C471}.Release|ARM.ActiveCfg = Release|ARM
		{546F58E4-D911-475A-A5E8-2F47FC68C471}.Release|ARM.Build.0 = Release|ARM
		{546F58E4-D911-475A-A5E8-2F47FC68C471}.Release|ARM.Deploy.0 = Release|ARM
		{546F58E4-D911-475A-A5E8-2F47FC68C471}.Release|x64.ActiveCfg = Release|x64
		{546F58E4-D911-475A-A5E8-2F47FC68C471}.Release|x64.Build.0 = Release|x64
		{546F58E4-D911-475A-A5E8-2F47FC68C471}.Release|x64.Deploy.0 = Release|x64
		{546F58E4-D911-475A-A5E8-2F47FC68C471}.Release|x86.ActiveCfg = Release|x86
		{546F58E4-D911-475A-A5E8-2F47FC68C471}.Release|x86.Build.0 = Release|x86
		{546F58E4-D911-475A-A5E8-2F47FC68C471}.Release|x86.Deploy.0 = Release|x86
		{00BBAFED-2C28-4BF5-843B-082354EEF6CE}.Debug|Any CPU.ActiveCfg = Debug|Any CPU
		{00BBAFED-2C28-4BF5-843B-082354EEF6CE}.Debug|Any CPU.Build.0 = Debug|Any CPU
		{00BBAFED-2C28-4BF5-843B-082354EEF6CE}.Debug|ARM.ActiveCfg = Debug|Any CPU
		{00BBAFED-2C28-4BF5-843B-082354EEF6CE}.Debug|ARM.Build.0 = Debug|Any CPU
		{00BBAFED-2C28-4BF5-843B-082354EEF6CE}.Debug|x64.ActiveCfg = Debug|Any CPU
		{00BBAFED-2C28-4BF5-843B-082354EEF6CE}.Debug|x64.Build.0 = Debug|Any CPU
		{00BBAFED-2C28-4BF5-843B-082354EEF6CE}.Debug|x86.ActiveCfg = Debug|Any CPU
		{00BBAFED-2C28-4BF5-843B-082354EEF6CE}.Debug|x86.Build.0 = Debug|Any CPU
		{00BBAFED-2C28-4BF5-843B-082354EEF6CE}.Release|Any CPU.ActiveCfg = Release|Any CPU
		{00BBAFED-2C28-4BF5-843B-082354EEF6CE}.Release|Any CPU.Build.0 = Release|Any CPU
		{00BBAFED-2C28-4BF5-843B-082354EEF6CE}.Release|ARM.ActiveCfg = Release|Any CPU
		{00BBAFED-2C28-4BF5-843B-082354EEF6CE}.Release|ARM.Build.0 = Release|Any CPU
		{00BBAFED-2C28-4BF5-843B-082354EEF6CE}.Release|x64.ActiveCfg = Release|Any CPU
		{00BBAFED-2C28-4BF5-843B-082354EEF6CE}.Release|x64.Build.0 = Release|Any CPU
		{00BBAFED-2C28-4BF5-843B-082354EEF6CE}.Release|x86.ActiveCfg = Release|Any CPU
		{00BBAFED-2C28-4BF5-843B-082354EEF6CE}.Release|x86.Build.0 = Release|Any CPU
		{414C279D-B5B6-4A76-AAB0-D7C90980E20C}.Debug|Any CPU.ActiveCfg = Debug|Any CPU
		{414C279D-B5B6-4A76-AAB0-D7C90980E20C}.Debug|Any CPU.Build.0 = Debug|Any CPU
		{414C279D-B5B6-4A76-AAB0-D7C90980E20C}.Debug|ARM.ActiveCfg = Debug|Any CPU
		{414C279D-B5B6-4A76-AAB0-D7C90980E20C}.Debug|ARM.Build.0 = Debug|Any CPU
		{414C279D-B5B6-4A76-AAB0-D7C90980E20C}.Debug|x64.ActiveCfg = Debug|Any CPU
		{414C279D-B5B6-4A76-AAB0-D7C90980E20C}.Debug|x64.Build.0 = Debug|Any CPU
		{414C279D-B5B6-4A76-AAB0-D7C90980E20C}.Debug|x86.ActiveCfg = Debug|Any CPU
		{414C279D-B5B6-4A76-AAB0-D7C90980E20C}.Debug|x86.Build.0 = Debug|Any CPU
		{414C279D-B5B6-4A76-AAB0-D7C90980E20C}.Release|Any CPU.ActiveCfg = Release|Any CPU
		{414C279D-B5B6-4A76-AAB0-D7C90980E20C}.Release|Any CPU.Build.0 = Release|Any CPU
		{414C279D-B5B6-4A76-AAB0-D7C90980E20C}.Release|ARM.ActiveCfg = Release|Any CPU
		{414C279D-B5B6-4A76-AAB0-D7C90980E20C}.Release|ARM.Build.0 = Release|Any CPU
		{414C279D-B5B6-4A76-AAB0-D7C90980E20C}.Release|x64.ActiveCfg = Release|Any CPU
		{414C279D-B5B6-4A76-AAB0-D7C90980E20C}.Release|x64.Build.0 = Release|Any CPU
		{414C279D-B5B6-4A76-AAB0-D7C90980E20C}.Release|x86.ActiveCfg = Release|Any CPU
		{414C279D-B5B6-4A76-AAB0-D7C90980E20C}.Release|x86.Build.0 = Release|Any CPU
		{A219D64B-5617-4B8D-85DF-D48259DF965E}.Debug|Any CPU.ActiveCfg = Debug|Any CPU
		{A219D64B-5617-4B8D-85DF-D48259DF965E}.Debug|Any CPU.Build.0 = Debug|Any CPU
		{A219D64B-5617-4B8D-85DF-D48259DF965E}.Debug|ARM.ActiveCfg = Debug|Any CPU
		{A219D64B-5617-4B8D-85DF-D48259DF965E}.Debug|ARM.Build.0 = Debug|Any CPU
		{A219D64B-5617-4B8D-85DF-D48259DF965E}.Debug|x64.ActiveCfg = Debug|Any CPU
		{A219D64B-5617-4B8D-85DF-D48259DF965E}.Debug|x64.Build.0 = Debug|Any CPU
		{A219D64B-5617-4B8D-85DF-D48259DF965E}.Debug|x86.ActiveCfg = Debug|Any CPU
		{A219D64B-5617-4B8D-85DF-D48259DF965E}.Debug|x86.Build.0 = Debug|Any CPU
		{A219D64B-5617-4B8D-85DF-D48259DF965E}.Release|Any CPU.ActiveCfg = Release|Any CPU
		{A219D64B-5617-4B8D-85DF-D48259DF965E}.Release|Any CPU.Build.0 = Release|Any CPU
		{A219D64B-5617-4B8D-85DF-D48259DF965E}.Release|ARM.ActiveCfg = Release|Any CPU
		{A219D64B-5617-4B8D-85DF-D48259DF965E}.Release|ARM.Build.0 = Release|Any CPU
		{A219D64B-5617-4B8D-85DF-D48259DF965E}.Release|x64.ActiveCfg = Release|Any CPU
		{A219D64B-5617-4B8D-85DF-D48259DF965E}.Release|x64.Build.0 = Release|Any CPU
		{A219D64B-5617-4B8D-85DF-D48259DF965E}.Release|x86.ActiveCfg = Release|Any CPU
		{A219D64B-5617-4B8D-85DF-D48259DF965E}.Release|x86.Build.0 = Release|Any CPU
		{7B615C6D-E6FA-4107-801F-68358453B627}.Debug|Any CPU.ActiveCfg = Debug|Any CPU
		{7B615C6D-E6FA-4107-801F-68358453B627}.Debug|Any CPU.Build.0 = Debug|Any CPU
		{7B615C6D-E6FA-4107-801F-68358453B627}.Debug|ARM.ActiveCfg = Debug|Any CPU
		{7B615C6D-E6FA-4107-801F-68358453B627}.Debug|ARM.Build.0 = Debug|Any CPU
		{7B615C6D-E6FA-4107-801F-68358453B627}.Debug|x64.ActiveCfg = Debug|Any CPU
		{7B615C6D-E6FA-4107-801F-68358453B627}.Debug|x64.Build.0 = Debug|Any CPU
		{7B615C6D-E6FA-4107-801F-68358453B627}.Debug|x86.ActiveCfg = Debug|Any CPU
		{7B615C6D-E6FA-4107-801F-68358453B627}.Debug|x86.Build.0 = Debug|Any CPU
		{7B615C6D-E6FA-4107-801F-68358453B627}.Release|Any CPU.ActiveCfg = Release|Any CPU
		{7B615C6D-E6FA-4107-801F-68358453B627}.Release|Any CPU.Build.0 = Release|Any CPU
		{7B615C6D-E6FA-4107-801F-68358453B627}.Release|ARM.ActiveCfg = Release|Any CPU
		{7B615C6D-E6FA-4107-801F-68358453B627}.Release|ARM.Build.0 = Release|Any CPU
		{7B615C6D-E6FA-4107-801F-68358453B627}.Release|x64.ActiveCfg = Release|Any CPU
		{7B615C6D-E6FA-4107-801F-68358453B627}.Release|x64.Build.0 = Release|Any CPU
		{7B615C6D-E6FA-4107-801F-68358453B627}.Release|x86.ActiveCfg = Release|Any CPU
		{7B615C6D-E6FA-4107-801F-68358453B627}.Release|x86.Build.0 = Release|Any CPU
		{93CAF430-A012-4B98-BEBD-4615278251C3}.Debug|Any CPU.ActiveCfg = Debug|Any CPU
		{93CAF430-A012-4B98-BEBD-4615278251C3}.Debug|Any CPU.Build.0 = Debug|Any CPU
		{93CAF430-A012-4B98-BEBD-4615278251C3}.Debug|ARM.ActiveCfg = Debug|Any CPU
		{93CAF430-A012-4B98-BEBD-4615278251C3}.Debug|ARM.Build.0 = Debug|Any CPU
		{93CAF430-A012-4B98-BEBD-4615278251C3}.Debug|x64.ActiveCfg = Debug|Any CPU
		{93CAF430-A012-4B98-BEBD-4615278251C3}.Debug|x64.Build.0 = Debug|Any CPU
		{93CAF430-A012-4B98-BEBD-4615278251C3}.Debug|x86.ActiveCfg = Debug|Any CPU
		{93CAF430-A012-4B98-BEBD-4615278251C3}.Debug|x86.Build.0 = Debug|Any CPU
		{93CAF430-A012-4B98-BEBD-4615278251C3}.Release|Any CPU.ActiveCfg = Release|Any CPU
		{93CAF430-A012-4B98-BEBD-4615278251C3}.Release|Any CPU.Build.0 = Release|Any CPU
		{93CAF430-A012-4B98-BEBD-4615278251C3}.Release|ARM.ActiveCfg = Release|Any CPU
		{93CAF430-A012-4B98-BEBD-4615278251C3}.Release|ARM.Build.0 = Release|Any CPU
		{93CAF430-A012-4B98-BEBD-4615278251C3}.Release|x64.ActiveCfg = Release|Any CPU
		{93CAF430-A012-4B98-BEBD-4615278251C3}.Release|x64.Build.0 = Release|Any CPU
		{93CAF430-A012-4B98-BEBD-4615278251C3}.Release|x86.ActiveCfg = Release|Any CPU
		{93CAF430-A012-4B98-BEBD-4615278251C3}.Release|x86.Build.0 = Release|Any CPU
		{091733CC-BD49-47F5-AF9D-89ED7D60D533}.Debug|Any CPU.ActiveCfg = Debug|Any CPU
		{091733CC-BD49-47F5-AF9D-89ED7D60D533}.Debug|Any CPU.Build.0 = Debug|Any CPU
		{091733CC-BD49-47F5-AF9D-89ED7D60D533}.Debug|ARM.ActiveCfg = Debug|Any CPU
		{091733CC-BD49-47F5-AF9D-89ED7D60D533}.Debug|ARM.Build.0 = Debug|Any CPU
		{091733CC-BD49-47F5-AF9D-89ED7D60D533}.Debug|x64.ActiveCfg = Debug|Any CPU
		{091733CC-BD49-47F5-AF9D-89ED7D60D533}.Debug|x64.Build.0 = Debug|Any CPU
		{091733CC-BD49-47F5-AF9D-89ED7D60D533}.Debug|x86.ActiveCfg = Debug|Any CPU
		{091733CC-BD49-47F5-AF9D-89ED7D60D533}.Debug|x86.Build.0 = Debug|Any CPU
		{091733CC-BD49-47F5-AF9D-89ED7D60D533}.Release|Any CPU.ActiveCfg = Release|Any CPU
		{091733CC-BD49-47F5-AF9D-89ED7D60D533}.Release|Any CPU.Build.0 = Release|Any CPU
		{091733CC-BD49-47F5-AF9D-89ED7D60D533}.Release|ARM.ActiveCfg = Release|Any CPU
		{091733CC-BD49-47F5-AF9D-89ED7D60D533}.Release|ARM.Build.0 = Release|Any CPU
		{091733CC-BD49-47F5-AF9D-89ED7D60D533}.Release|x64.ActiveCfg = Release|Any CPU
		{091733CC-BD49-47F5-AF9D-89ED7D60D533}.Release|x64.Build.0 = Release|Any CPU
		{091733CC-BD49-47F5-AF9D-89ED7D60D533}.Release|x86.ActiveCfg = Release|Any CPU
		{091733CC-BD49-47F5-AF9D-89ED7D60D533}.Release|x86.Build.0 = Release|Any CPU
		{DCF4E8C3-820C-4D26-937C-9A4486649F08}.Debug|Any CPU.ActiveCfg = Debug|Any CPU
		{DCF4E8C3-820C-4D26-937C-9A4486649F08}.Debug|Any CPU.Build.0 = Debug|Any CPU
		{DCF4E8C3-820C-4D26-937C-9A4486649F08}.Debug|ARM.ActiveCfg = Debug|Any CPU
		{DCF4E8C3-820C-4D26-937C-9A4486649F08}.Debug|ARM.Build.0 = Debug|Any CPU
		{DCF4E8C3-820C-4D26-937C-9A4486649F08}.Debug|x64.ActiveCfg = Debug|Any CPU
		{DCF4E8C3-820C-4D26-937C-9A4486649F08}.Debug|x64.Build.0 = Debug|Any CPU
		{DCF4E8C3-820C-4D26-937C-9A4486649F08}.Debug|x86.ActiveCfg = Debug|Any CPU
		{DCF4E8C3-820C-4D26-937C-9A4486649F08}.Debug|x86.Build.0 = Debug|Any CPU
		{DCF4E8C3-820C-4D26-937C-9A4486649F08}.Release|Any CPU.ActiveCfg = Release|Any CPU
		{DCF4E8C3-820C-4D26-937C-9A4486649F08}.Release|Any CPU.Build.0 = Release|Any CPU
		{DCF4E8C3-820C-4D26-937C-9A4486649F08}.Release|ARM.ActiveCfg = Release|Any CPU
		{DCF4E8C3-820C-4D26-937C-9A4486649F08}.Release|ARM.Build.0 = Release|Any CPU
		{DCF4E8C3-820C-4D26-937C-9A4486649F08}.Release|x64.ActiveCfg = Release|Any CPU
		{DCF4E8C3-820C-4D26-937C-9A4486649F08}.Release|x64.Build.0 = Release|Any CPU
		{DCF4E8C3-820C-4D26-937C-9A4486649F08}.Release|x86.ActiveCfg = Release|Any CPU
		{DCF4E8C3-820C-4D26-937C-9A4486649F08}.Release|x86.Build.0 = Release|Any CPU
	EndGlobalSection
	GlobalSection(SolutionProperties) = preSolution
		HideSolutionNode = FALSE
	EndGlobalSection
	GlobalSection(NestedProjects) = preSolution
		{9CDA14DE-0DC1-403F-AF9A-CD0CDCFA0A55} = {07143015-1933-4390-90EC-86F5CA638878}
		{F3FA5AE8-20A1-42C6-A482-1D5C8EA4800A} = {07143015-1933-4390-90EC-86F5CA638878}
		{F3B0BAF4-8F0B-4D04-B753-B9065060EC7B} = {07143015-1933-4390-90EC-86F5CA638878}
	EndGlobalSection
	GlobalSection(ExtensibilityGlobals) = postSolution
		SolutionGuid = {95CACFF0-72ED-4B76-B177-4E49BF339AA3}
	EndGlobalSection
EndGlobal
